{
  "name": "mestre-yoda",
  "version": "0.1.0",
  "lockfileVersion": 3,
  "requires": true,
  "packages": {
    "": {
      "name": "mestre-yoda",
      "version": "0.1.0",
      "license": "MIT",
      "bin": {
        "mestre-yoda": "bin/mestre-yoda.mjs"
      },
      "engines": {
        "node": ">=24 <25"
      }
    }
  }
}
